
Microsoft Visual Studio Solution File, Format Version 12.00
# Visual Studio Version 17
VisualStudioVersion = 17.9.34701.34
MinimumVisualStudioVersion = 10.0.40219.1
Project("{FAE04EC0-301F-11D3-BF4B-00C04F79EFBC}") = "SomaVetores", "SomaVetores\SomaVetores.csproj", "{7D556C6D-43C4-4590-8639-345A7C933A35}"
EndProject
Global
	GlobalSection(SolutionConfigurationPlatforms) = preSolution
		Debug|Any CPU = Debug|Any CPU
		Release|Any CPU = Release|Any CPU
	EndGlobalSection
	GlobalSection(ProjectConfigurationPlatforms) = postSolution
		{7D556C6D-43C4-4590-8639-345A7C933A35}.Debug|Any CPU.ActiveCfg = Debug|Any CPU
		{7D556C6D-43C4-4590-8639-345A7C933A35}.Debug|Any CPU.Build.0 = Debug|Any CPU
		{7D556C6D-43C4-4590-8639-345A7C933A35}.Release|Any CPU.ActiveCfg = Release|Any CPU
		{7D556C6D-43C4-4590-8639-345A7C933A35}.Release|Any CPU.Build.0 = Release|Any CPU
	EndGlobalSection
	GlobalSection(SolutionProperties) = preSolution
		HideSolutionNode = FALSE
	EndGlobalSection
	GlobalSection(ExtensibilityGlobals) = postSolution
		SolutionGuid = {6B935E93-DC2B-4AF4-91B7-04C9D7749CE4}
	EndGlobalSection
EndGlobal
