
Microsoft Visual Studio Solution File, Format Version 12.00
# Visual Studio Version 17
VisualStudioVersion = 17.9.34701.34
MinimumVisualStudioVersion = 10.0.40219.1
Project("{FAE04EC0-301F-11D3-BF4B-00C04F79EFBC}") = "ValidaçãoNotas", "ValidaçãoNotas\ValidaçãoNotas.csproj", "{115AF3C8-BF14-4754-A92A-0D4FD334184A}"
EndProject
Global
	GlobalSection(SolutionConfigurationPlatforms) = preSolution
		Debug|Any CPU = Debug|Any CPU
		Release|Any CPU = Release|Any CPU
	EndGlobalSection
	GlobalSection(ProjectConfigurationPlatforms) = postSolution
		{115AF3C8-BF14-4754-A92A-0D4FD334184A}.Debug|Any CPU.ActiveCfg = Debug|Any CPU
		{115AF3C8-BF14-4754-A92A-0D4FD334184A}.Debug|Any CPU.Build.0 = Debug|Any CPU
		{115AF3C8-BF14-4754-A92A-0D4FD334184A}.Release|Any CPU.ActiveCfg = Release|Any CPU
		{115AF3C8-BF14-4754-A92A-0D4FD334184A}.Release|Any CPU.Build.0 = Release|Any CPU
	EndGlobalSection
	GlobalSection(SolutionProperties) = preSolution
		HideSolutionNode = FALSE
	EndGlobalSection
	GlobalSection(ExtensibilityGlobals) = postSolution
		SolutionGuid = {8C652222-FCAB-4524-BDCF-094ED611E3E3}
	EndGlobalSection
EndGlobal
